
Microsoft Visual Studio Solution File, Format Version 12.00
# Visual Studio 15
VisualStudioVersion = 15.0.26124.0
MinimumVisualStudioVersion = 15.0.26124.0
Project("{2150E333-8FDC-42A3-9474-1A3956D46DE8}") = "Source", "Source", "{3A039174-93EB-4444-9C9F-9D943F6E99CA}"
EndProject
Project("{FAE04EC0-301F-11D3-BF4B-00C04F79EFBC}") = "Database", "Source\Database\Database.csproj", "{F1905171-C7F1-498B-B379-94D41AABF746}"
EndProject
Project("{2150E333-8FDC-42A3-9474-1A3956D46DE8}") = "Test", "Test", "{BB7074B5-A806-4338-AEE4-FAE58AC78C82}"
EndProject
Project("{FAE04EC0-301F-11D3-BF4B-00C04F79EFBC}") = "TestApp", "Test\TestApp\TestApp.csproj", "{B2FAB9D2-04DA-40BB-AED0-CC5C68C6094D}"
EndProject
Global
	GlobalSection(SolutionConfigurationPlatforms) = preSolution
		Debug|Any CPU = Debug|Any CPU
		Debug|x64 = Debug|x64
		Debug|x86 = Debug|x86
		Release|Any CPU = Release|Any CPU
		Release|x64 = Release|x64
		Release|x86 = Release|x86
	EndGlobalSection
	GlobalSection(SolutionProperties) = preSolution
		HideSolutionNode = FALSE
	EndGlobalSection
	GlobalSection(ProjectConfigurationPlatforms) = postSolution
		{F1905171-C7F1-498B-B379-94D41AABF746}.Debug|Any CPU.ActiveCfg = Debug|Any CPU
		{F1905171-C7F1-498B-B379-94D41AABF746}.Debug|Any CPU.Build.0 = Debug|Any CPU
		{F1905171-C7F1-498B-B379-94D41AABF746}.Debug|x64.ActiveCfg = Debug|Any CPU
		{F1905171-C7F1-498B-B379-94D41AABF746}.Debug|x64.Build.0 = Debug|Any CPU
		{F1905171-C7F1-498B-B379-94D41AABF746}.Debug|x86.ActiveCfg = Debug|Any CPU
		{F1905171-C7F1-498B-B379-94D41AABF746}.Debug|x86.Build.0 = Debug|Any CPU
		{F1905171-C7F1-498B-B379-94D41AABF746}.Release|Any CPU.ActiveCfg = Release|Any CPU
		{F1905171-C7F1-498B-B379-94D41AABF746}.Release|Any CPU.Build.0 = Release|Any CPU
		{F1905171-C7F1-498B-B379-94D41AABF746}.Release|x64.ActiveCfg = Release|Any CPU
		{F1905171-C7F1-498B-B379-94D41AABF746}.Release|x64.Build.0 = Release|Any CPU
		{F1905171-C7F1-498B-B379-94D41AABF746}.Release|x86.ActiveCfg = Release|Any CPU
		{F1905171-C7F1-498B-B379-94D41AABF746}.Release|x86.Build.0 = Release|Any CPU
		{B2FAB9D2-04DA-40BB-AED0-CC5C68C6094D}.Debug|Any CPU.ActiveCfg = Debug|Any CPU
		{B2FAB9D2-04DA-40BB-AED0-CC5C68C6094D}.Debug|Any CPU.Build.0 = Debug|Any CPU
		{B2FAB9D2-04DA-40BB-AED0-CC5C68C6094D}.Debug|x64.ActiveCfg = Debug|Any CPU
		{B2FAB9D2-04DA-40BB-AED0-CC5C68C6094D}.Debug|x64.Build.0 = Debug|Any CPU
		{B2FAB9D2-04DA-40BB-AED0-CC5C68C6094D}.Debug|x86.ActiveCfg = Debug|Any CPU
		{B2FAB9D2-04DA-40BB-AED0-CC5C68C6094D}.Debug|x86.Build.0 = Debug|Any CPU
		{B2FAB9D2-04DA-40BB-AED0-CC5C68C6094D}.Release|Any CPU.ActiveCfg = Release|Any CPU
		{B2FAB9D2-04DA-40BB-AED0-CC5C68C6094D}.Release|Any CPU.Build.0 = Release|Any CPU
		{B2FAB9D2-04DA-40BB-AED0-CC5C68C6094D}.Release|x64.ActiveCfg = Release|Any CPU
		{B2FAB9D2-04DA-40BB-AED0-CC5C68C6094D}.Release|x64.Build.0 = Release|Any CPU
		{B2FAB9D2-04DA-40BB-AED0-CC5C68C6094D}.Release|x86.ActiveCfg = Release|Any CPU
		{B2FAB9D2-04DA-40BB-AED0-CC5C68C6094D}.Release|x86.Build.0 = Release|Any CPU
	EndGlobalSection
	GlobalSection(NestedProjects) = preSolution
		{F1905171-C7F1-498B-B379-94D41AABF746} = {3A039174-93EB-4444-9C9F-9D943F6E99CA}
		{B2FAB9D2-04DA-40BB-AED0-CC5C68C6094D} = {BB7074B5-A806-4338-AEE4-FAE58AC78C82}
	EndGlobalSection
EndGlobal
